
Microsoft Visual Studio Solution File, Format Version 12.00
# Visual Studio Version 17
VisualStudioVersion = 17.0.31903.59
MinimumVisualStudioVersion = 10.0.40219.1
Project("{FAE04EC0-301F-11D3-BF4B-00C04F79EFBC}") = "ChatQueueSystem.API", "ChatQueueSystem.API\ChatQueueSystem.API.csproj", "{D6F972D3-F363-4459-A019-577C99AB8279}"
EndProject
Project("{FAE04EC0-301F-11D3-BF4B-00C04F79EFBC}") = "ChatQueueSystem.Application", "ChatQueueSystem.Application\ChatQueueSystem.Application.csproj", "{B4F47A7B-9D4A-41B7-9F96-991695187ED0}"
EndProject
Project("{FAE04EC0-301F-11D3-BF4B-00C04F79EFBC}") = "ChatQueueSystem.Domain", "ChatQueueSystem.Domain\ChatQueueSystem.Domain.csproj", "{61FF21D8-250F-40D1-A8DC-8448F5570FF6}"
EndProject
Project("{FAE04EC0-301F-11D3-BF4B-00C04F79EFBC}") = "ChatQueueSystem.Infrastructure", "ChatQueueSystem.Infrastructure\ChatQueueSystem.Infrastructure.csproj", "{D9EB91F3-D729-4B69-BE0C-B95832E39BBE}"
EndProject
Project("{FAE04EC0-301F-11D3-BF4B-00C04F79EFBC}") = "ChatQueueSystem.Tests", "tests\ChatQueueSystem.Tests\ChatQueueSystem.Tests.csproj", "{872A5EE5-888B-49D7-9DC6-A53CA0899306}"
EndProject
Global
	GlobalSection(SolutionConfigurationPlatforms) = preSolution
		Debug|Any CPU = Debug|Any CPU
		Debug|x64 = Debug|x64
		Debug|x86 = Debug|x86
		Release|Any CPU = Release|Any CPU
		Release|x64 = Release|x64
		Release|x86 = Release|x86
	EndGlobalSection
	GlobalSection(ProjectConfigurationPlatforms) = postSolution
		{D6F972D3-F363-4459-A019-577C99AB8279}.Debug|Any CPU.ActiveCfg = Debug|Any CPU
		{D6F972D3-F363-4459-A019-577C99AB8279}.Debug|Any CPU.Build.0 = Debug|Any CPU
		{D6F972D3-F363-4459-A019-577C99AB8279}.Debug|x64.ActiveCfg = Debug|Any CPU
		{D6F972D3-F363-4459-A019-577C99AB8279}.Debug|x64.Build.0 = Debug|Any CPU
		{D6F972D3-F363-4459-A019-577C99AB8279}.Debug|x86.ActiveCfg = Debug|Any CPU
		{D6F972D3-F363-4459-A019-577C99AB8279}.Debug|x86.Build.0 = Debug|Any CPU
		{D6F972D3-F363-4459-A019-577C99AB8279}.Release|Any CPU.ActiveCfg = Release|Any CPU
		{D6F972D3-F363-4459-A019-577C99AB8279}.Release|Any CPU.Build.0 = Release|Any CPU
		{D6F972D3-F363-4459-A019-577C99AB8279}.Release|x64.ActiveCfg = Release|Any CPU
		{D6F972D3-F363-4459-A019-577C99AB8279}.Release|x64.Build.0 = Release|Any CPU
		{D6F972D3-F363-4459-A019-577C99AB8279}.Release|x86.ActiveCfg = Release|Any CPU
		{D6F972D3-F363-4459-A019-577C99AB8279}.Release|x86.Build.0 = Release|Any CPU
		{B4F47A7B-9D4A-41B7-9F96-991695187ED0}.Debug|Any CPU.ActiveCfg = Debug|Any CPU
		{B4F47A7B-9D4A-41B7-9F96-991695187ED0}.Debug|Any CPU.Build.0 = Debug|Any CPU
		{B4F47A7B-9D4A-41B7-9F96-991695187ED0}.Debug|x64.ActiveCfg = Debug|Any CPU
		{B4F47A7B-9D4A-41B7-9F96-991695187ED0}.Debug|x64.Build.0 = Debug|Any CPU
		{B4F47A7B-9D4A-41B7-9F96-991695187ED0}.Debug|x86.ActiveCfg = Debug|Any CPU
		{B4F47A7B-9D4A-41B7-9F96-991695187ED0}.Debug|x86.Build.0 = Debug|Any CPU
		{B4F47A7B-9D4A-41B7-9F96-991695187ED0}.Release|Any CPU.ActiveCfg = Release|Any CPU
		{B4F47A7B-9D4A-41B7-9F96-991695187ED0}.Release|Any CPU.Build.0 = Release|Any CPU
		{B4F47A7B-9D4A-41B7-9F96-991695187ED0}.Release|x64.ActiveCfg = Release|Any CPU
		{B4F47A7B-9D4A-41B7-9F96-991695187ED0}.Release|x64.Build.0 = Release|Any CPU
		{B4F47A7B-9D4A-41B7-9F96-991695187ED0}.Release|x86.ActiveCfg = Release|Any CPU
		{B4F47A7B-9D4A-41B7-9F96-991695187ED0}.Release|x86.Build.0 = Release|Any CPU
		{61FF21D8-250F-40D1-A8DC-8448F5570FF6}.Debug|Any CPU.ActiveCfg = Debug|Any CPU
		{61FF21D8-250F-40D1-A8DC-8448F5570FF6}.Debug|Any CPU.Build.0 = Debug|Any CPU
		{61FF21D8-250F-40D1-A8DC-8448F5570FF6}.Debug|x64.ActiveCfg = Debug|Any CPU
		{61FF21D8-250F-40D1-A8DC-8448F5570FF6}.Debug|x64.Build.0 = Debug|Any CPU
		{61FF21D8-250F-40D1-A8DC-8448F5570FF6}.Debug|x86.ActiveCfg = Debug|Any CPU
		{61FF21D8-250F-40D1-A8DC-8448F5570FF6}.Debug|x86.Build.0 = Debug|Any CPU
		{61FF21D8-250F-40D1-A8DC-8448F5570FF6}.Release|Any CPU.ActiveCfg = Release|Any CPU
		{61FF21D8-250F-40D1-A8DC-8448F5570FF6}.Release|Any CPU.Build.0 = Release|Any CPU
		{61FF21D8-250F-40D1-A8DC-8448F5570FF6}.Release|x64.ActiveCfg = Release|Any CPU
		{61FF21D8-250F-40D1-A8DC-8448F5570FF6}.Release|x64.Build.0 = Release|Any CPU
		{61FF21D8-250F-40D1-A8DC-8448F5570FF6}.Release|x86.ActiveCfg = Release|Any CPU
		{61FF21D8-250F-40D1-A8DC-8448F5570FF6}.Release|x86.Build.0 = Release|Any CPU
		{D9EB91F3-D729-4B69-BE0C-B95832E39BBE}.Debug|Any CPU.ActiveCfg = Debug|Any CPU
		{D9EB91F3-D729-4B69-BE0C-B95832E39BBE}.Debug|Any CPU.Build.0 = Debug|Any CPU
		{D9EB91F3-D729-4B69-BE0C-B95832E39BBE}.Debug|x64.ActiveCfg = Debug|Any CPU
		{D9EB91F3-D729-4B69-BE0C-B95832E39BBE}.Debug|x64.Build.0 = Debug|Any CPU
		{D9EB91F3-D729-4B69-BE0C-B95832E39BBE}.Debug|x86.ActiveCfg = Debug|Any CPU
		{D9EB91F3-D729-4B69-BE0C-B95832E39BBE}.Debug|x86.Build.0 = Debug|Any CPU
		{D9EB91F3-D729-4B69-BE0C-B95832E39BBE}.Release|Any CPU.ActiveCfg = Release|Any CPU
		{D9EB91F3-D729-4B69-BE0C-B95832E39BBE}.Release|Any CPU.Build.0 = Release|Any CPU
		{D9EB91F3-D729-4B69-BE0C-B95832E39BBE}.Release|x64.ActiveCfg = Release|Any CPU
		{D9EB91F3-D729-4B69-BE0C-B95832E39BBE}.Release|x64.Build.0 = Release|Any CPU
		{D9EB91F3-D729-4B69-BE0C-B95832E39BBE}.Release|x86.ActiveCfg = Release|Any CPU
		{D9EB91F3-D729-4B69-BE0C-B95832E39BBE}.Release|x86.Build.0 = Release|Any CPU
		{872A5EE5-888B-49D7-9DC6-A53CA0899306}.Debug|Any CPU.ActiveCfg = Debug|Any CPU
		{872A5EE5-888B-49D7-9DC6-A53CA0899306}.Debug|Any CPU.Build.0 = Debug|Any CPU
		{872A5EE5-888B-49D7-9DC6-A53CA0899306}.Debug|x64.ActiveCfg = Debug|Any CPU
		{872A5EE5-888B-49D7-9DC6-A53CA0899306}.Debug|x64.Build.0 = Debug|Any CPU
		{872A5EE5-888B-49D7-9DC6-A53CA0899306}.Debug|x86.ActiveCfg = Debug|Any CPU
		{872A5EE5-888B-49D7-9DC6-A53CA0899306}.Debug|x86.Build.0 = Debug|Any CPU
		{872A5EE5-888B-49D7-9DC6-A53CA0899306}.Release|Any CPU.ActiveCfg = Release|Any CPU
		{872A5EE5-888B-49D7-9DC6-A53CA0899306}.Release|Any CPU.Build.0 = Release|Any CPU
		{872A5EE5-888B-49D7-9DC6-A53CA0899306}.Release|x64.ActiveCfg = Release|Any CPU
		{872A5EE5-888B-49D7-9DC6-A53CA0899306}.Release|x64.Build.0 = Release|Any CPU
		{872A5EE5-888B-49D7-9DC6-A53CA0899306}.Release|x86.ActiveCfg = Release|Any CPU
		{872A5EE5-888B-49D7-9DC6-A53CA0899306}.Release|x86.Build.0 = Release|Any CPU
	EndGlobalSection
	GlobalSection(SolutionProperties) = preSolution
		HideSolutionNode = FALSE
	EndGlobalSection
EndGlobal
